
Microsoft Visual Studio Solution File, Format Version 12.00
# Visual Studio Version 17
VisualStudioVersion = 17.1.32328.378
MinimumVisualStudioVersion = 10.0.40219.1
Project("{FAE04EC0-301F-11D3-BF4B-00C04F79EFBC}") = "DataAccess", "DataAccess\DataAccess.csproj", "{216369EF-681F-41AB-AA5F-54BE25789AAB}"
EndProject
Project("{FAE04EC0-301F-11D3-BF4B-00C04F79EFBC}") = "Business", "Business\Business.csproj", "{9E223DF8-A645-490E-912A-8F90AAB4A717}"
EndProject
Project("{FAE04EC0-301F-11D3-BF4B-00C04F79EFBC}") = "Entities", "Entities\Entities.csproj", "{65348910-C56C-4114-BD5D-589F55CB2207}"
EndProject
Project("{FAE04EC0-301F-11D3-BF4B-00C04F79EFBC}") = "ConsoleUI", "ConsoleUI\ConsoleUI.csproj", "{91BEDDF9-5F5A-48ED-B78D-936D741E0570}"
EndProject
Project("{2150E333-8FDC-42A3-9474-1A3956D46DE8}") = "Solution Items", "Solution Items", "{F0DC939B-E108-4087-8B59-64CC18F6B334}"
	ProjectSection(SolutionItems) = preProject
		.editorconfig = .editorconfig
	EndProjectSection
EndProject
Project("{FAE04EC0-301F-11D3-BF4B-00C04F79EFBC}") = "day7Work1(LinqProject)", "LinqProject\day7Work1(LinqProject).csproj", "{59EA26AC-1BFE-4ED0-B80D-314772E7CB65}"
EndProject
Global
	GlobalSection(SolutionConfigurationPlatforms) = preSolution
		Debug|Any CPU = Debug|Any CPU
		Release|Any CPU = Release|Any CPU
	EndGlobalSection
	GlobalSection(ProjectConfigurationPlatforms) = postSolution
		{216369EF-681F-41AB-AA5F-54BE25789AAB}.Debug|Any CPU.ActiveCfg = Debug|Any CPU
		{216369EF-681F-41AB-AA5F-54BE25789AAB}.Debug|Any CPU.Build.0 = Debug|Any CPU
		{216369EF-681F-41AB-AA5F-54BE25789AAB}.Release|Any CPU.ActiveCfg = Release|Any CPU
		{216369EF-681F-41AB-AA5F-54BE25789AAB}.Release|Any CPU.Build.0 = Release|Any CPU
		{9E223DF8-A645-490E-912A-8F90AAB4A717}.Debug|Any CPU.ActiveCfg = Debug|Any CPU
		{9E223DF8-A645-490E-912A-8F90AAB4A717}.Debug|Any CPU.Build.0 = Debug|Any CPU
		{9E223DF8-A645-490E-912A-8F90AAB4A717}.Release|Any CPU.ActiveCfg = Release|Any CPU
		{9E223DF8-A645-490E-912A-8F90AAB4A717}.Release|Any CPU.Build.0 = Release|Any CPU
		{65348910-C56C-4114-BD5D-589F55CB2207}.Debug|Any CPU.ActiveCfg = Debug|Any CPU
		{65348910-C56C-4114-BD5D-589F55CB2207}.Debug|Any CPU.Build.0 = Debug|Any CPU
		{65348910-C56C-4114-BD5D-589F55CB2207}.Release|Any CPU.ActiveCfg = Release|Any CPU
		{65348910-C56C-4114-BD5D-589F55CB2207}.Release|Any CPU.Build.0 = Release|Any CPU
		{91BEDDF9-5F5A-48ED-B78D-936D741E0570}.Debug|Any CPU.ActiveCfg = Debug|Any CPU
		{91BEDDF9-5F5A-48ED-B78D-936D741E0570}.Debug|Any CPU.Build.0 = Debug|Any CPU
		{91BEDDF9-5F5A-48ED-B78D-936D741E0570}.Release|Any CPU.ActiveCfg = Release|Any CPU
		{91BEDDF9-5F5A-48ED-B78D-936D741E0570}.Release|Any CPU.Build.0 = Release|Any CPU
		{59EA26AC-1BFE-4ED0-B80D-314772E7CB65}.Debug|Any CPU.ActiveCfg = Debug|Any CPU
		{59EA26AC-1BFE-4ED0-B80D-314772E7CB65}.Debug|Any CPU.Build.0 = Debug|Any CPU
		{59EA26AC-1BFE-4ED0-B80D-314772E7CB65}.Release|Any CPU.ActiveCfg = Release|Any CPU
		{59EA26AC-1BFE-4ED0-B80D-314772E7CB65}.Release|Any CPU.Build.0 = Release|Any CPU
	EndGlobalSection
	GlobalSection(SolutionProperties) = preSolution
		HideSolutionNode = FALSE
	EndGlobalSection
	GlobalSection(ExtensibilityGlobals) = postSolution
		SolutionGuid = {A408BBB8-C670-4879-AD6E-F7C6B661A4A8}
	EndGlobalSection
EndGlobal
